{
  "name": "cargv",
  "version": "1.1.0",
  "lockfileVersion": 2,
  "requires": true,
  "packages": {
    "": {
      "name": "cargv",
      "version": "1.1.0",
      "license": "MIT",
      "dependencies": {
        "terminalcolors.js": "^1.0.9"
      }
    },
    "node_modules/terminalcolors.js": {
      "version": "1.0.9",
      "resolved": "https://registry.npmjs.org/terminalcolors.js/-/terminalcolors.js-1.0.9.tgz",
      "integrity": "sha512-A13dYLAxPN6og4+l2zTXay1180UwBQXGR4FFkFu/CmvCvLOxUJVyVVk6YPTCIboNfIfFFI+PP2S5p9YVBdetnA=="
    }
  },
  "dependencies": {
    "terminalcolors.js": {
      "version": "1.0.9",
      "resolved": "https://registry.npmjs.org/terminalcolors.js/-/terminalcolors.js-1.0.9.tgz",
      "integrity": "sha512-A13dYLAxPN6og4+l2zTXay1180UwBQXGR4FFkFu/CmvCvLOxUJVyVVk6YPTCIboNfIfFFI+PP2S5p9YVBdetnA=="
    }
  }
}
